
Microsoft Visual Studio Solution File, Format Version 12.00
# Visual Studio Version 17
VisualStudioVersion = 17.2.32630.192
MinimumVisualStudioVersion = 10.0.40219.1
Project("{FAE04EC0-301F-11D3-BF4B-00C04F79EFBC}") = "EnumsAndSwitch", "EnumsAndSwitch.csproj", "{BF22F575-81E3-41F5-B5F5-776944BAAB8A}"
EndProject
Global
	GlobalSection(SolutionConfigurationPlatforms) = preSolution
		Debug|Any CPU = Debug|Any CPU
		Release|Any CPU = Release|Any CPU
	EndGlobalSection
	GlobalSection(ProjectConfigurationPlatforms) = postSolution
		{BF22F575-81E3-41F5-B5F5-776944BAAB8A}.Debug|Any CPU.ActiveCfg = Debug|Any CPU
		{BF22F575-81E3-41F5-B5F5-776944BAAB8A}.Debug|Any CPU.Build.0 = Debug|Any CPU
		{BF22F575-81E3-41F5-B5F5-776944BAAB8A}.Release|Any CPU.ActiveCfg = Release|Any CPU
		{BF22F575-81E3-41F5-B5F5-776944BAAB8A}.Release|Any CPU.Build.0 = Release|Any CPU
	EndGlobalSection
	GlobalSection(SolutionProperties) = preSolution
		HideSolutionNode = FALSE
	EndGlobalSection
	GlobalSection(ExtensibilityGlobals) = postSolution
		SolutionGuid = {382D9CAF-4DD2-41AB-B0D8-71CC24CF2761}
	EndGlobalSection
EndGlobal
