
Microsoft Visual Studio Solution File, Format Version 12.00
# Visual Studio Version 17
VisualStudioVersion = 17.2.32630.192
MinimumVisualStudioVersion = 10.0.40219.1
Project("{9A19103F-16F7-4668-BE54-9A1E7A4F7556}") = "Backend", "Backend.csproj", "{97CF2AA6-F5DB-45C0-9DA3-E893DE4F50D4}"
EndProject
Project("{FAE04EC0-301F-11D3-BF4B-00C04F79EFBC}") = "understanding scope", "understanding scope\understanding scope.csproj", "{66FD1715-A96A-4BF3-8D70-41081E459336}"
EndProject
Project("{FAE04EC0-301F-11D3-BF4B-00C04F79EFBC}") = "referencestoassemblies", "..\referencestoassemblies\referencestoassemblies.csproj", "{6B6D45C4-6759-40B7-9997-0C1DE8CB96C0}"
EndProject
Global
	GlobalSection(SolutionConfigurationPlatforms) = preSolution
		Debug|Any CPU = Debug|Any CPU
		Release|Any CPU = Release|Any CPU
	EndGlobalSection
	GlobalSection(ProjectConfigurationPlatforms) = postSolution
		{97CF2AA6-F5DB-45C0-9DA3-E893DE4F50D4}.Debug|Any CPU.ActiveCfg = Debug|Any CPU
		{97CF2AA6-F5DB-45C0-9DA3-E893DE4F50D4}.Debug|Any CPU.Build.0 = Debug|Any CPU
		{97CF2AA6-F5DB-45C0-9DA3-E893DE4F50D4}.Release|Any CPU.ActiveCfg = Release|Any CPU
		{97CF2AA6-F5DB-45C0-9DA3-E893DE4F50D4}.Release|Any CPU.Build.0 = Release|Any CPU
		{66FD1715-A96A-4BF3-8D70-41081E459336}.Debug|Any CPU.ActiveCfg = Debug|Any CPU
		{66FD1715-A96A-4BF3-8D70-41081E459336}.Debug|Any CPU.Build.0 = Debug|Any CPU
		{66FD1715-A96A-4BF3-8D70-41081E459336}.Release|Any CPU.ActiveCfg = Release|Any CPU
		{66FD1715-A96A-4BF3-8D70-41081E459336}.Release|Any CPU.Build.0 = Release|Any CPU
		{6B6D45C4-6759-40B7-9997-0C1DE8CB96C0}.Debug|Any CPU.ActiveCfg = Debug|Any CPU
		{6B6D45C4-6759-40B7-9997-0C1DE8CB96C0}.Debug|Any CPU.Build.0 = Debug|Any CPU
		{6B6D45C4-6759-40B7-9997-0C1DE8CB96C0}.Release|Any CPU.ActiveCfg = Release|Any CPU
		{6B6D45C4-6759-40B7-9997-0C1DE8CB96C0}.Release|Any CPU.Build.0 = Release|Any CPU
	EndGlobalSection
	GlobalSection(SolutionProperties) = preSolution
		HideSolutionNode = FALSE
	EndGlobalSection
	GlobalSection(ExtensibilityGlobals) = postSolution
		SolutionGuid = {EACDA285-F22E-4AE7-9093-99987A5FC73C}
	EndGlobalSection
EndGlobal
