
Microsoft Visual Studio Solution File, Format Version 12.00
# Visual Studio Version 17
VisualStudioVersion = 17.2.32630.192
MinimumVisualStudioVersion = 10.0.40219.1
Project("{FAE04EC0-301F-11D3-BF4B-00C04F79EFBC}") = "WorkingWithCollections", "WorkingWithCollections.csproj", "{9902084A-7B83-4F1A-9CF3-3ABC88A32EAE}"
EndProject
Global
	GlobalSection(SolutionConfigurationPlatforms) = preSolution
		Debug|Any CPU = Debug|Any CPU
		Release|Any CPU = Release|Any CPU
	EndGlobalSection
	GlobalSection(ProjectConfigurationPlatforms) = postSolution
		{9902084A-7B83-4F1A-9CF3-3ABC88A32EAE}.Debug|Any CPU.ActiveCfg = Debug|Any CPU
		{9902084A-7B83-4F1A-9CF3-3ABC88A32EAE}.Debug|Any CPU.Build.0 = Debug|Any CPU
		{9902084A-7B83-4F1A-9CF3-3ABC88A32EAE}.Release|Any CPU.ActiveCfg = Release|Any CPU
		{9902084A-7B83-4F1A-9CF3-3ABC88A32EAE}.Release|Any CPU.Build.0 = Release|Any CPU
	EndGlobalSection
	GlobalSection(SolutionProperties) = preSolution
		HideSolutionNode = FALSE
	EndGlobalSection
	GlobalSection(ExtensibilityGlobals) = postSolution
		SolutionGuid = {AD578E2F-EFF5-4F8C-9F97-CFA27133A9D9}
	EndGlobalSection
EndGlobal
